
Microsoft Visual Studio Solution File, Format Version 12.00
# Visual Studio Version 16
VisualStudioVersion = 16.0.28922.388
MinimumVisualStudioVersion = 10.0.40219.1
Project("{9A19103F-16F7-4668-BE54-9A1E7A4F7556}") = "DotNetExtensions", "DotNetExtensions\DotNetExtensions.csproj", "{7BC42F3B-97F7-46F9-84BF-90456B04FAB1}"
EndProject
Project("{FAE04EC0-301F-11D3-BF4B-00C04F79EFBC}") = "DotNetExtensionsTests", "DotNetExtensionsTests\DotNetExtensionsTests.csproj", "{58061A29-C6E8-48CB-A661-8D9947814B50}"
EndProject
Global
	GlobalSection(SolutionConfigurationPlatforms) = preSolution
		Debug|Any CPU = Debug|Any CPU
		Release|Any CPU = Release|Any CPU
	EndGlobalSection
	GlobalSection(ProjectConfigurationPlatforms) = postSolution
		{7BC42F3B-97F7-46F9-84BF-90456B04FAB1}.Debug|Any CPU.ActiveCfg = Debug|Any CPU
		{7BC42F3B-97F7-46F9-84BF-90456B04FAB1}.Debug|Any CPU.Build.0 = Debug|Any CPU
		{7BC42F3B-97F7-46F9-84BF-90456B04FAB1}.Release|Any CPU.ActiveCfg = Release|Any CPU
		{7BC42F3B-97F7-46F9-84BF-90456B04FAB1}.Release|Any CPU.Build.0 = Release|Any CPU
		{58061A29-C6E8-48CB-A661-8D9947814B50}.Debug|Any CPU.ActiveCfg = Debug|Any CPU
		{58061A29-C6E8-48CB-A661-8D9947814B50}.Debug|Any CPU.Build.0 = Debug|Any CPU
		{58061A29-C6E8-48CB-A661-8D9947814B50}.Release|Any CPU.ActiveCfg = Release|Any CPU
		{58061A29-C6E8-48CB-A661-8D9947814B50}.Release|Any CPU.Build.0 = Release|Any CPU
	EndGlobalSection
	GlobalSection(SolutionProperties) = preSolution
		HideSolutionNode = FALSE
	EndGlobalSection
	GlobalSection(ExtensibilityGlobals) = postSolution
		SolutionGuid = {93D0E32D-7C52-4F99-A464-BF8F3D6F6FE4}
	EndGlobalSection
EndGlobal
